// !$*UTF8*$!
{
	archiveVersion = 1;
	classes = {
	};
	objectVersion = 51;
	objects = {

/* Begin PBXBuildFile section */
		1E1587D9222FD3D80054E751 /* CPTDetailViewController.swift in Sources */ = {isa = PBXBuildFile; fileRef = 1E1587D8222FD3D80054E751 /* CPTDetailViewController.swift */; };
		1E1587DB222FDEA20054E751 /* DetailViewCell.swift in Sources */ = {isa = PBXBuildFile; fileRef = 1E1587DA222FDEA20054E751 /* DetailViewCell.swift */; };
		4117736C7892FB205CDF478A /* Pods_LZCoder.framework in Frameworks */ = {isa = PBXBuildFile; fileRef = 217ED90E5FB4B4CF617E7E9B /* Pods_LZCoder.framework */; };
		5214270D9DD29782910E2AA8 /* Pods_LZCoderUITests.framework in Frameworks */ = {isa = PBXBuildFile; fileRef = 382BADB22318CC68E635828E /* Pods_LZCoderUITests.framework */; };
		6DBF7E1C0A155EE320C2BF0B /* Pods_LZCoderTests.framework in Frameworks */ = {isa = PBXBuildFile; fileRef = 454E2D053E11C10E8613692A /* Pods_LZCoderTests.framework */; };
		88568458222DF9EA00669E5A /* AppDelegate.swift in Sources */ = {isa = PBXBuildFile; fileRef = 88568457222DF9EA00669E5A /* AppDelegate.swift */; };
		8856845A222DF9EA00669E5A /* ViewController.swift in Sources */ = {isa = PBXBuildFile; fileRef = 88568459222DF9EA00669E5A /* ViewController.swift */; };
		8856845D222DF9EA00669E5A /* Main.storyboard in Resources */ = {isa = PBXBuildFile; fileRef = 8856845B222DF9EA00669E5A /* Main.storyboard */; };
		8856845F222DF9EB00669E5A /* Assets.xcassets in Resources */ = {isa = PBXBuildFile; fileRef = 8856845E222DF9EB00669E5A /* Assets.xcassets */; };
		88568462222DF9EB00669E5A /* LaunchScreen.storyboard in Resources */ = {isa = PBXBuildFile; fileRef = 88568460222DF9EB00669E5A /* LaunchScreen.storyboard */; };
		8856846D222DF9EB00669E5A /* LZCoderTests.swift in Sources */ = {isa = PBXBuildFile; fileRef = 8856846C222DF9EB00669E5A /* LZCoderTests.swift */; };
		88568478222DF9EB00669E5A /* LZCoderUITests.swift in Sources */ = {isa = PBXBuildFile; fileRef = 88568477222DF9EB00669E5A /* LZCoderUITests.swift */; };
		B800F343230F07A300A53C07 /* ProfileViewController.swift in Sources */ = {isa = PBXBuildFile; fileRef = B800F342230F07A300A53C07 /* ProfileViewController.swift */; };
		B800F34B230F0D6C00A53C07 /* UIView+Border.swift in Sources */ = {isa = PBXBuildFile; fileRef = B800F348230F0D6C00A53C07 /* UIView+Border.swift */; };
		B800F34C230F0D6C00A53C07 /* UITextField+fixCaretPosition.swift in Sources */ = {isa = PBXBuildFile; fileRef = B800F349230F0D6C00A53C07 /* UITextField+fixCaretPosition.swift */; };
		B800F351230F0DF800A53C07 /* LZFloatingLabelTextField.swift in Sources */ = {isa = PBXBuildFile; fileRef = B800F350230F0DF800A53C07 /* LZFloatingLabelTextField.swift */; };
		B830C4AD222EEE7700871DCC /* CPTTableViewCell.swift in Sources */ = {isa = PBXBuildFile; fileRef = B830C4AC222EEE7700871DCC /* CPTTableViewCell.swift */; };
		B830C4AF222EEE8F00871DCC /* ICDTableViewCell.swift in Sources */ = {isa = PBXBuildFile; fileRef = B830C4AE222EEE8F00871DCC /* ICDTableViewCell.swift */; };
		B848D7FB222E278D00F71BB2 /* SearchViewController.swift in Sources */ = {isa = PBXBuildFile; fileRef = B848D7FA222E278D00F71BB2 /* SearchViewController.swift */; };
		B84D301723237E4A008F36FD /* 47570.json in Resources */ = {isa = PBXBuildFile; fileRef = B84D301623237E4A008F36FD /* 47570.json */; };
		B84D301A2323DFD2008F36FD /* CodeNetwork.swift in Sources */ = {isa = PBXBuildFile; fileRef = B84D30192323DFD2008F36FD /* CodeNetwork.swift */; };
		B84D301C2323E1A8008F36FD /* BaseNetworking.swift in Sources */ = {isa = PBXBuildFile; fileRef = B84D301B2323E1A8008F36FD /* BaseNetworking.swift */; };
		B8D78FFA2322178100F1E623 /* 35351.json in Resources */ = {isa = PBXBuildFile; fileRef = B8D78FF82322178000F1E623 /* 35351.json */; };
		B8D78FFB2322178100F1E623 /* apiSinglePhrase.json in Resources */ = {isa = PBXBuildFile; fileRef = B8D78FF92322178000F1E623 /* apiSinglePhrase.json */; };
/* End PBXBuildFile section */

/* Begin PBXContainerItemProxy section */
		88568469222DF9EB00669E5A /* PBXContainerItemProxy */ = {
			isa = PBXContainerItemProxy;
			containerPortal = 8856844C222DF9EA00669E5A /* Project object */;
			proxyType = 1;
			remoteGlobalIDString = 88568453222DF9EA00669E5A;
			remoteInfo = LZCoder;
		};
		88568474222DF9EB00669E5A /* PBXContainerItemProxy */ = {
			isa = PBXContainerItemProxy;
			containerPortal = 8856844C222DF9EA00669E5A /* Project object */;
			proxyType = 1;
			remoteGlobalIDString = 88568453222DF9EA00669E5A;
			remoteInfo = LZCoder;
		};
/* End PBXContainerItemProxy section */

/* Begin PBXFileReference section */
		1E1587D8222FD3D80054E751 /* CPTDetailViewController.swift */ = {isa = PBXFileReference; lastKnownFileType = sourcecode.swift; path = CPTDetailViewController.swift; sourceTree = "<group>"; };
		1E1587DA222FDEA20054E751 /* DetailViewCell.swift */ = {isa = PBXFileReference; lastKnownFileType = sourcecode.swift; path = DetailViewCell.swift; sourceTree = "<group>"; };
		217ED90E5FB4B4CF617E7E9B /* Pods_LZCoder.framework */ = {isa = PBXFileReference; explicitFileType = wrapper.framework; includeInIndex = 0; path = Pods_LZCoder.framework; sourceTree = BUILT_PRODUCTS_DIR; };
		363B45602593149EB0968291 /* Pods-LZCoderTests.debug.xcconfig */ = {isa = PBXFileReference; includeInIndex = 1; lastKnownFileType = text.xcconfig; name = "Pods-LZCoderTests.debug.xcconfig"; path = "Target Support Files/Pods-LZCoderTests/Pods-LZCoderTests.debug.xcconfig"; sourceTree = "<group>"; };
		382BADB22318CC68E635828E /* Pods_LZCoderUITests.framework */ = {isa = PBXFileReference; explicitFileType = wrapper.framework; includeInIndex = 0; path = Pods_LZCoderUITests.framework; sourceTree = BUILT_PRODUCTS_DIR; };
		454E2D053E11C10E8613692A /* Pods_LZCoderTests.framework */ = {isa = PBXFileReference; explicitFileType = wrapper.framework; includeInIndex = 0; path = Pods_LZCoderTests.framework; sourceTree = BUILT_PRODUCTS_DIR; };
		48D5733BB254DEFF65517A82 /* Pods-LZCoder.release.xcconfig */ = {isa = PBXFileReference; includeInIndex = 1; lastKnownFileType = text.xcconfig; name = "Pods-LZCoder.release.xcconfig"; path = "Target Support Files/Pods-LZCoder/Pods-LZCoder.release.xcconfig"; sourceTree = "<group>"; };
		691DD71A3E9851E33FDC2D52 /* Pods-LZCoder.debug.xcconfig */ = {isa = PBXFileReference; includeInIndex = 1; lastKnownFileType = text.xcconfig; name = "Pods-LZCoder.debug.xcconfig"; path = "Target Support Files/Pods-LZCoder/Pods-LZCoder.debug.xcconfig"; sourceTree = "<group>"; };
		74E0D05BC9600E11276F12D0 /* Pods-LZCoderUITests.release.xcconfig */ = {isa = PBXFileReference; includeInIndex = 1; lastKnownFileType = text.xcconfig; name = "Pods-LZCoderUITests.release.xcconfig"; path = "Target Support Files/Pods-LZCoderUITests/Pods-LZCoderUITests.release.xcconfig"; sourceTree = "<group>"; };
		88568454222DF9EA00669E5A /* LZCoder.app */ = {isa = PBXFileReference; explicitFileType = wrapper.application; includeInIndex = 0; path = LZCoder.app; sourceTree = BUILT_PRODUCTS_DIR; };
		88568457222DF9EA00669E5A /* AppDelegate.swift */ = {isa = PBXFileReference; lastKnownFileType = sourcecode.swift; path = AppDelegate.swift; sourceTree = "<group>"; };
		88568459222DF9EA00669E5A /* ViewController.swift */ = {isa = PBXFileReference; lastKnownFileType = sourcecode.swift; path = ViewController.swift; sourceTree = "<group>"; };
		8856845C222DF9EA00669E5A /* Base */ = {isa = PBXFileReference; lastKnownFileType = file.storyboard; name = Base; path = Base.lproj/Main.storyboard; sourceTree = "<group>"; };
		8856845E222DF9EB00669E5A /* Assets.xcassets */ = {isa = PBXFileReference; lastKnownFileType = folder.assetcatalog; path = Assets.xcassets; sourceTree = "<group>"; };
		88568461222DF9EB00669E5A /* Base */ = {isa = PBXFileReference; lastKnownFileType = file.storyboard; name = Base; path = Base.lproj/LaunchScreen.storyboard; sourceTree = "<group>"; };
		88568463222DF9EB00669E5A /* Info.plist */ = {isa = PBXFileReference; lastKnownFileType = text.plist.xml; path = Info.plist; sourceTree = "<group>"; };
		88568468222DF9EB00669E5A /* LZCoderTests.xctest */ = {isa = PBXFileReference; explicitFileType = wrapper.cfbundle; includeInIndex = 0; path = LZCoderTests.xctest; sourceTree = BUILT_PRODUCTS_DIR; };
		8856846C222DF9EB00669E5A /* LZCoderTests.swift */ = {isa = PBXFileReference; lastKnownFileType = sourcecode.swift; path = LZCoderTests.swift; sourceTree = "<group>"; };
		8856846E222DF9EB00669E5A /* Info.plist */ = {isa = PBXFileReference; lastKnownFileType = text.plist.xml; path = Info.plist; sourceTree = "<group>"; };
		88568473222DF9EB00669E5A /* LZCoderUITests.xctest */ = {isa = PBXFileReference; explicitFileType = wrapper.cfbundle; includeInIndex = 0; path = LZCoderUITests.xctest; sourceTree = BUILT_PRODUCTS_DIR; };
		88568477222DF9EB00669E5A /* LZCoderUITests.swift */ = {isa = PBXFileReference; lastKnownFileType = sourcecode.swift; path = LZCoderUITests.swift; sourceTree = "<group>"; };
		88568479222DF9EB00669E5A /* Info.plist */ = {isa = PBXFileReference; lastKnownFileType = text.plist.xml; path = Info.plist; sourceTree = "<group>"; };
		B800F342230F07A300A53C07 /* ProfileViewController.swift */ = {isa = PBXFileReference; lastKnownFileType = sourcecode.swift; path = ProfileViewController.swift; sourceTree = "<group>"; };
		B800F348230F0D6C00A53C07 /* UIView+Border.swift */ = {isa = PBXFileReference; fileEncoding = 4; lastKnownFileType = sourcecode.swift; path = "UIView+Border.swift"; sourceTree = "<group>"; };
		B800F349230F0D6C00A53C07 /* UITextField+fixCaretPosition.swift */ = {isa = PBXFileReference; fileEncoding = 4; lastKnownFileType = sourcecode.swift; path = "UITextField+fixCaretPosition.swift"; sourceTree = "<group>"; };
		B800F350230F0DF800A53C07 /* LZFloatingLabelTextField.swift */ = {isa = PBXFileReference; fileEncoding = 4; lastKnownFileType = sourcecode.swift; path = LZFloatingLabelTextField.swift; sourceTree = "<group>"; };
		B830C4AC222EEE7700871DCC /* CPTTableViewCell.swift */ = {isa = PBXFileReference; lastKnownFileType = sourcecode.swift; path = CPTTableViewCell.swift; sourceTree = "<group>"; };
		B830C4AE222EEE8F00871DCC /* ICDTableViewCell.swift */ = {isa = PBXFileReference; lastKnownFileType = sourcecode.swift; path = ICDTableViewCell.swift; sourceTree = "<group>"; };
		B848D7FA222E278D00F71BB2 /* SearchViewController.swift */ = {isa = PBXFileReference; lastKnownFileType = sourcecode.swift; path = SearchViewController.swift; sourceTree = "<group>"; };
		B84D301623237E4A008F36FD /* 47570.json */ = {isa = PBXFileReference; fileEncoding = 4; lastKnownFileType = text.json; path = 47570.json; sourceTree = "<group>"; };
		B84D30192323DFD2008F36FD /* CodeNetwork.swift */ = {isa = PBXFileReference; lastKnownFileType = sourcecode.swift; path = CodeNetwork.swift; sourceTree = "<group>"; };
		B84D301B2323E1A8008F36FD /* BaseNetworking.swift */ = {isa = PBXFileReference; lastKnownFileType = sourcecode.swift; path = BaseNetworking.swift; sourceTree = "<group>"; };
		B8D78FF82322178000F1E623 /* 35351.json */ = {isa = PBXFileReference; fileEncoding = 4; lastKnownFileType = text.json; path = 35351.json; sourceTree = "<group>"; };
		B8D78FF92322178000F1E623 /* apiSinglePhrase.json */ = {isa = PBXFileReference; fileEncoding = 4; lastKnownFileType = text.json; path = apiSinglePhrase.json; sourceTree = "<group>"; };
		E616C0A5EBD65651EBCDD88D /* Pods-LZCoderTests.release.xcconfig */ = {isa = PBXFileReference; includeInIndex = 1; lastKnownFileType = text.xcconfig; name = "Pods-LZCoderTests.release.xcconfig"; path = "Target Support Files/Pods-LZCoderTests/Pods-LZCoderTests.release.xcconfig"; sourceTree = "<group>"; };
		E688EEAD289727A7D165114B /* Pods-LZCoderUITests.debug.xcconfig */ = {isa = PBXFileReference; includeInIndex = 1; lastKnownFileType = text.xcconfig; name = "Pods-LZCoderUITests.debug.xcconfig"; path = "Target Support Files/Pods-LZCoderUITests/Pods-LZCoderUITests.debug.xcconfig"; sourceTree = "<group>"; };
/* End PBXFileReference section */

/* Begin PBXFrameworksBuildPhase section */
		88568451222DF9EA00669E5A /* Frameworks */ = {
			isa = PBXFrameworksBuildPhase;
			buildActionMask = 2147483647;
			files = (
				4117736C7892FB205CDF478A /* Pods_LZCoder.framework in Frameworks */,
			);
			runOnlyForDeploymentPostprocessing = 0;
		};
		88568465222DF9EB00669E5A /* Frameworks */ = {
			isa = PBXFrameworksBuildPhase;
			buildActionMask = 2147483647;
			files = (
				6DBF7E1C0A155EE320C2BF0B /* Pods_LZCoderTests.framework in Frameworks */,
			);
			runOnlyForDeploymentPostprocessing = 0;
		};
		88568470222DF9EB00669E5A /* Frameworks */ = {
			isa = PBXFrameworksBuildPhase;
			buildActionMask = 2147483647;
			files = (
				5214270D9DD29782910E2AA8 /* Pods_LZCoderUITests.framework in Frameworks */,
			);
			runOnlyForDeploymentPostprocessing = 0;
		};
/* End PBXFrameworksBuildPhase section */

/* Begin PBXGroup section */
		6C61AD4C73675AB9C21317ED /* Pods */ = {
			isa = PBXGroup;
			children = (
				691DD71A3E9851E33FDC2D52 /* Pods-LZCoder.debug.xcconfig */,
				48D5733BB254DEFF65517A82 /* Pods-LZCoder.release.xcconfig */,
				363B45602593149EB0968291 /* Pods-LZCoderTests.debug.xcconfig */,
				E616C0A5EBD65651EBCDD88D /* Pods-LZCoderTests.release.xcconfig */,
				E688EEAD289727A7D165114B /* Pods-LZCoderUITests.debug.xcconfig */,
				74E0D05BC9600E11276F12D0 /* Pods-LZCoderUITests.release.xcconfig */,
			);
			path = Pods;
			sourceTree = "<group>";
		};
		8856844B222DF9EA00669E5A = {
			isa = PBXGroup;
			children = (
				88568456222DF9EA00669E5A /* LZCoder */,
				8856846B222DF9EB00669E5A /* LZCoderTests */,
				88568476222DF9EB00669E5A /* LZCoderUITests */,
				88568455222DF9EA00669E5A /* Products */,
				6C61AD4C73675AB9C21317ED /* Pods */,
				B9331D5DBA7784E384E0E02E /* Frameworks */,
			);
			sourceTree = "<group>";
		};
		88568455222DF9EA00669E5A /* Products */ = {
			isa = PBXGroup;
			children = (
				88568454222DF9EA00669E5A /* LZCoder.app */,
				88568468222DF9EB00669E5A /* LZCoderTests.xctest */,
				88568473222DF9EB00669E5A /* LZCoderUITests.xctest */,
			);
			name = Products;
			sourceTree = "<group>";
		};
		88568456222DF9EA00669E5A /* LZCoder */ = {
			isa = PBXGroup;
			children = (
				B84D30182323DFAD008F36FD /* Network */,
				B800F346230F0D2E00A53C07 /* SubClasses */,
				88568457222DF9EA00669E5A /* AppDelegate.swift */,
				88568459222DF9EA00669E5A /* ViewController.swift */,
				B848D7FA222E278D00F71BB2 /* SearchViewController.swift */,
				B800F342230F07A300A53C07 /* ProfileViewController.swift */,
				1E1587D8222FD3D80054E751 /* CPTDetailViewController.swift */,
				B830C4AC222EEE7700871DCC /* CPTTableViewCell.swift */,
				1E1587DA222FDEA20054E751 /* DetailViewCell.swift */,
				B830C4AE222EEE8F00871DCC /* ICDTableViewCell.swift */,
				8856845B222DF9EA00669E5A /* Main.storyboard */,
				8856845E222DF9EB00669E5A /* Assets.xcassets */,
				88568460222DF9EB00669E5A /* LaunchScreen.storyboard */,
				88568463222DF9EB00669E5A /* Info.plist */,
				B84D301623237E4A008F36FD /* 47570.json */,
				B8D78FF82322178000F1E623 /* 35351.json */,
				B8D78FF92322178000F1E623 /* apiSinglePhrase.json */,
			);
			path = LZCoder;
			sourceTree = "<group>";
		};
		8856846B222DF9EB00669E5A /* LZCoderTests */ = {
			isa = PBXGroup;
			children = (
				8856846C222DF9EB00669E5A /* LZCoderTests.swift */,
				8856846E222DF9EB00669E5A /* Info.plist */,
			);
			path = LZCoderTests;
			sourceTree = "<group>";
		};
		88568476222DF9EB00669E5A /* LZCoderUITests */ = {
			isa = PBXGroup;
			children = (
				88568477222DF9EB00669E5A /* LZCoderUITests.swift */,
				88568479222DF9EB00669E5A /* Info.plist */,
			);
			path = LZCoderUITests;
			sourceTree = "<group>";
		};
		B800F346230F0D2E00A53C07 /* SubClasses */ = {
			isa = PBXGroup;
			children = (
				B800F347230F0D6100A53C07 /* BorderedTextField */,
			);
			path = SubClasses;
			sourceTree = "<group>";
		};
		B800F347230F0D6100A53C07 /* BorderedTextField */ = {
			isa = PBXGroup;
			children = (
				B800F350230F0DF800A53C07 /* LZFloatingLabelTextField.swift */,
				B800F349230F0D6C00A53C07 /* UITextField+fixCaretPosition.swift */,
				B800F348230F0D6C00A53C07 /* UIView+Border.swift */,
			);
			path = BorderedTextField;
			sourceTree = "<group>";
		};
		B84D30182323DFAD008F36FD /* Network */ = {
			isa = PBXGroup;
			children = (
				B84D30192323DFD2008F36FD /* CodeNetwork.swift */,
				B84D301B2323E1A8008F36FD /* BaseNetworking.swift */,
			);
			path = Network;
			sourceTree = "<group>";
		};
		B9331D5DBA7784E384E0E02E /* Frameworks */ = {
			isa = PBXGroup;
			children = (
				217ED90E5FB4B4CF617E7E9B /* Pods_LZCoder.framework */,
				454E2D053E11C10E8613692A /* Pods_LZCoderTests.framework */,
				382BADB22318CC68E635828E /* Pods_LZCoderUITests.framework */,
			);
			name = Frameworks;
			sourceTree = "<group>";
		};
/* End PBXGroup section */

/* Begin PBXNativeTarget section */
		88568453222DF9EA00669E5A /* LZCoder */ = {
			isa = PBXNativeTarget;
			buildConfigurationList = 8856847C222DF9EB00669E5A /* Build configuration list for PBXNativeTarget "LZCoder" */;
			buildPhases = (
				7F28046E455E30CB0786C7A4 /* [CP] Check Pods Manifest.lock */,
				88568450222DF9EA00669E5A /* Sources */,
				88568451222DF9EA00669E5A /* Frameworks */,
				88568452222DF9EA00669E5A /* Resources */,
				C7EF2FF073B9ED03216D8E46 /* [CP] Embed Pods Frameworks */,
			);
			buildRules = (
			);
			dependencies = (
			);
			name = LZCoder;
			productName = LZCoder;
			productReference = 88568454222DF9EA00669E5A /* LZCoder.app */;
			productType = "com.apple.product-type.application";
		};
		88568467222DF9EB00669E5A /* LZCoderTests */ = {
			isa = PBXNativeTarget;
			buildConfigurationList = 8856847F222DF9EB00669E5A /* Build configuration list for PBXNativeTarget "LZCoderTests" */;
			buildPhases = (
				38FFAEFC09B2DB716D5B7886 /* [CP] Check Pods Manifest.lock */,
				88568464222DF9EB00669E5A /* Sources */,
				88568465222DF9EB00669E5A /* Frameworks */,
				88568466222DF9EB00669E5A /* Resources */,
			);
			buildRules = (
			);
			dependencies = (
				8856846A222DF9EB00669E5A /* PBXTargetDependency */,
			);
			name = LZCoderTests;
			productName = LZCoderTests;
			productReference = 88568468222DF9EB00669E5A /* LZCoderTests.xctest */;
			productType = "com.apple.product-type.bundle.unit-test";
		};
		88568472222DF9EB00669E5A /* LZCoderUITests */ = {
			isa = PBXNativeTarget;
			buildConfigurationList = 88568482222DF9EB00669E5A /* Build configuration list for PBXNativeTarget "LZCoderUITests" */;
			buildPhases = (
				42F8985B6E232153850719C2 /* [CP] Check Pods Manifest.lock */,
				8856846F222DF9EB00669E5A /* Sources */,
				88568470222DF9EB00669E5A /* Frameworks */,
				88568471222DF9EB00669E5A /* Resources */,
			);
			buildRules = (
			);
			dependencies = (
				88568475222DF9EB00669E5A /* PBXTargetDependency */,
			);
			name = LZCoderUITests;
			productName = LZCoderUITests;
			productReference = 88568473222DF9EB00669E5A /* LZCoderUITests.xctest */;
			productType = "com.apple.product-type.bundle.ui-testing";
		};
/* End PBXNativeTarget section */

/* Begin PBXProject section */
		8856844C222DF9EA00669E5A /* Project object */ = {
			isa = PBXProject;
			attributes = {
				LastSwiftUpdateCheck = 1010;
				LastUpgradeCheck = 1010;
				ORGANIZATIONNAME = "kehlin swain";
				TargetAttributes = {
					88568453222DF9EA00669E5A = {
						CreatedOnToolsVersion = 10.1;
					};
					88568467222DF9EB00669E5A = {
						CreatedOnToolsVersion = 10.1;
						TestTargetID = 88568453222DF9EA00669E5A;
					};
					88568472222DF9EB00669E5A = {
						CreatedOnToolsVersion = 10.1;
						TestTargetID = 88568453222DF9EA00669E5A;
					};
				};
			};
			buildConfigurationList = 8856844F222DF9EA00669E5A /* Build configuration list for PBXProject "LZCoder" */;
			compatibilityVersion = "Xcode 9.3";
			developmentRegion = en;
			hasScannedForEncodings = 0;
			knownRegions = (
				en,
				Base,
			);
			mainGroup = 8856844B222DF9EA00669E5A;
			productRefGroup = 88568455222DF9EA00669E5A /* Products */;
			projectDirPath = "";
			projectRoot = "";
			targets = (
				88568453222DF9EA00669E5A /* LZCoder */,
				88568467222DF9EB00669E5A /* LZCoderTests */,
				88568472222DF9EB00669E5A /* LZCoderUITests */,
			);
		};
/* End PBXProject section */

/* Begin PBXResourcesBuildPhase section */
		88568452222DF9EA00669E5A /* Resources */ = {
			isa = PBXResourcesBuildPhase;
			buildActionMask = 2147483647;
			files = (
				88568462222DF9EB00669E5A /* LaunchScreen.storyboard in Resources */,
				B8D78FFB2322178100F1E623 /* apiSinglePhrase.json in Resources */,
				8856845F222DF9EB00669E5A /* Assets.xcassets in Resources */,
				B84D301723237E4A008F36FD /* 47570.json in Resources */,
				8856845D222DF9EA00669E5A /* Main.storyboard in Resources */,
				B8D78FFA2322178100F1E623 /* 35351.json in Resources */,
			);
			runOnlyForDeploymentPostprocessing = 0;
		};
		88568466222DF9EB00669E5A /* Resources */ = {
			isa = PBXResourcesBuildPhase;
			buildActionMask = 2147483647;
			files = (
			);
			runOnlyForDeploymentPostprocessing = 0;
		};
		88568471222DF9EB00669E5A /* Resources */ = {
			isa = PBXResourcesBuildPhase;
			buildActionMask = 2147483647;
			files = (
			);
			runOnlyForDeploymentPostprocessing = 0;
		};
/* End PBXResourcesBuildPhase section */

/* Begin PBXShellScriptBuildPhase section */
		38FFAEFC09B2DB716D5B7886 /* [CP] Check Pods Manifest.lock */ = {
			isa = PBXShellScriptBuildPhase;
			buildActionMask = 2147483647;
			files = (
			);
			inputFileListPaths = (
			);
			inputPaths = (
				"${PODS_PODFILE_DIR_PATH}/Podfile.lock",
				"${PODS_ROOT}/Manifest.lock",
			);
			name = "[CP] Check Pods Manifest.lock";
			outputFileListPaths = (
			);
			outputPaths = (
				"$(DERIVED_FILE_DIR)/Pods-LZCoderTests-checkManifestLockResult.txt",
			);
			runOnlyForDeploymentPostprocessing = 0;
			shellPath = /bin/sh;
			shellScript = "diff \"${PODS_PODFILE_DIR_PATH}/Podfile.lock\" \"${PODS_ROOT}/Manifest.lock\" > /dev/null\nif [ $? != 0 ] ; then\n    # print error to STDERR\n    echo \"error: The sandbox is not in sync with the Podfile.lock. Run 'pod install' or update your CocoaPods installation.\" >&2\n    exit 1\nfi\n# This output is used by Xcode 'outputs' to avoid re-running this script phase.\necho \"SUCCESS\" > \"${SCRIPT_OUTPUT_FILE_0}\"\n";
			showEnvVarsInLog = 0;
		};
		42F8985B6E232153850719C2 /* [CP] Check Pods Manifest.lock */ = {
			isa = PBXShellScriptBuildPhase;
			buildActionMask = 2147483647;
			files = (
			);
			inputFileListPaths = (
			);
			inputPaths = (
				"${PODS_PODFILE_DIR_PATH}/Podfile.lock",
				"${PODS_ROOT}/Manifest.lock",
			);
			name = "[CP] Check Pods Manifest.lock";
			outputFileListPaths = (
			);
			outputPaths = (
				"$(DERIVED_FILE_DIR)/Pods-LZCoderUITests-checkManifestLockResult.txt",
			);
			runOnlyForDeploymentPostprocessing = 0;
			shellPath = /bin/sh;
			shellScript = "diff \"${PODS_PODFILE_DIR_PATH}/Podfile.lock\" \"${PODS_ROOT}/Manifest.lock\" > /dev/null\nif [ $? != 0 ] ; then\n    # print error to STDERR\n    echo \"error: The sandbox is not in sync with the Podfile.lock. Run 'pod install' or update your CocoaPods installation.\" >&2\n    exit 1\nfi\n# This output is used by Xcode 'outputs' to avoid re-running this script phase.\necho \"SUCCESS\" > \"${SCRIPT_OUTPUT_FILE_0}\"\n";
			showEnvVarsInLog = 0;
		};
		7F28046E455E30CB0786C7A4 /* [CP] Check Pods Manifest.lock */ = {
			isa = PBXShellScriptBuildPhase;
			buildActionMask = 2147483647;
			files = (
			);
			inputFileListPaths = (
			);
			inputPaths = (
				"${PODS_PODFILE_DIR_PATH}/Podfile.lock",
				"${PODS_ROOT}/Manifest.lock",
			);
			name = "[CP] Check Pods Manifest.lock";
			outputFileListPaths = (
			);
			outputPaths = (
				"$(DERIVED_FILE_DIR)/Pods-LZCoder-checkManifestLockResult.txt",
			);
			runOnlyForDeploymentPostprocessing = 0;
			shellPath = /bin/sh;
			shellScript = "diff \"${PODS_PODFILE_DIR_PATH}/Podfile.lock\" \"${PODS_ROOT}/Manifest.lock\" > /dev/null\nif [ $? != 0 ] ; then\n    # print error to STDERR\n    echo \"error: The sandbox is not in sync with the Podfile.lock. Run 'pod install' or update your CocoaPods installation.\" >&2\n    exit 1\nfi\n# This output is used by Xcode 'outputs' to avoid re-running this script phase.\necho \"SUCCESS\" > \"${SCRIPT_OUTPUT_FILE_0}\"\n";
			showEnvVarsInLog = 0;
		};
		C7EF2FF073B9ED03216D8E46 /* [CP] Embed Pods Frameworks */ = {
			isa = PBXShellScriptBuildPhase;
			buildActionMask = 2147483647;
			files = (
			);
			inputFileListPaths = (
				"${PODS_ROOT}/Target Support Files/Pods-LZCoder/Pods-LZCoder-frameworks-${CONFIGURATION}-input-files.xcfilelist",
			);
			name = "[CP] Embed Pods Frameworks";
			outputFileListPaths = (
				"${PODS_ROOT}/Target Support Files/Pods-LZCoder/Pods-LZCoder-frameworks-${CONFIGURATION}-output-files.xcfilelist",
			);
			runOnlyForDeploymentPostprocessing = 0;
			shellPath = /bin/sh;
			shellScript = "\"${PODS_ROOT}/Target Support Files/Pods-LZCoder/Pods-LZCoder-frameworks.sh\"\n";
			showEnvVarsInLog = 0;
		};
/* End PBXShellScriptBuildPhase section */

/* Begin PBXSourcesBuildPhase section */
		88568450222DF9EA00669E5A /* Sources */ = {
			isa = PBXSourcesBuildPhase;
			buildActionMask = 2147483647;
			files = (
				B800F34C230F0D6C00A53C07 /* UITextField+fixCaretPosition.swift in Sources */,
				B800F351230F0DF800A53C07 /* LZFloatingLabelTextField.swift in Sources */,
				B848D7FB222E278D00F71BB2 /* SearchViewController.swift in Sources */,
				8856845A222DF9EA00669E5A /* ViewController.swift in Sources */,
				B800F34B230F0D6C00A53C07 /* UIView+Border.swift in Sources */,
				1E1587DB222FDEA20054E751 /* DetailViewCell.swift in Sources */,
				B84D301C2323E1A8008F36FD /* BaseNetworking.swift in Sources */,
				88568458222DF9EA00669E5A /* AppDelegate.swift in Sources */,
				1E1587D9222FD3D80054E751 /* CPTDetailViewController.swift in Sources */,
				B830C4AD222EEE7700871DCC /* CPTTableViewCell.swift in Sources */,
				B84D301A2323DFD2008F36FD /* CodeNetwork.swift in Sources */,
				B800F343230F07A300A53C07 /* ProfileViewController.swift in Sources */,
				B830C4AF222EEE8F00871DCC /* ICDTableViewCell.swift in Sources */,
			);
			runOnlyForDeploymentPostprocessing = 0;
		};
		88568464222DF9EB00669E5A /* Sources */ = {
			isa = PBXSourcesBuildPhase;
			buildActionMask = 2147483647;
			files = (
				8856846D222DF9EB00669E5A /* LZCoderTests.swift in Sources */,
			);
			runOnlyForDeploymentPostprocessing = 0;
		};
		8856846F222DF9EB00669E5A /* Sources */ = {
			isa = PBXSourcesBuildPhase;
			buildActionMask = 2147483647;
			files = (
				88568478222DF9EB00669E5A /* LZCoderUITests.swift in Sources */,
			);
			runOnlyForDeploymentPostprocessing = 0;
		};
/* End PBXSourcesBuildPhase section */

/* Begin PBXTargetDependency section */
		8856846A222DF9EB00669E5A /* PBXTargetDependency */ = {
			isa = PBXTargetDependency;
			target = 88568453222DF9EA00669E5A /* LZCoder */;
			targetProxy = 88568469222DF9EB00669E5A /* PBXContainerItemProxy */;
		};
		88568475222DF9EB00669E5A /* PBXTargetDependency */ = {
			isa = PBXTargetDependency;
			target = 88568453222DF9EA00669E5A /* LZCoder */;
			targetProxy = 88568474222DF9EB00669E5A /* PBXContainerItemProxy */;
		};
/* End PBXTargetDependency section */

/* Begin PBXVariantGroup section */
		8856845B222DF9EA00669E5A /* Main.storyboard */ = {
			isa = PBXVariantGroup;
			children = (
				8856845C222DF9EA00669E5A /* Base */,
			);
			name = Main.storyboard;
			sourceTree = "<group>";
		};
		88568460222DF9EB00669E5A /* LaunchScreen.storyboard */ = {
			isa = PBXVariantGroup;
			children = (
				88568461222DF9EB00669E5A /* Base */,
			);
			name = LaunchScreen.storyboard;
			sourceTree = "<group>";
		};
/* End PBXVariantGroup section */

/* Begin XCBuildConfiguration section */
		8856847A222DF9EB00669E5A /* Debug */ = {
			isa = XCBuildConfiguration;
			buildSettings = {
				ALWAYS_SEARCH_USER_PATHS = NO;
				CLANG_ANALYZER_NONNULL = YES;
				CLANG_ANALYZER_NUMBER_OBJECT_CONVERSION = YES_AGGRESSIVE;
				CLANG_CXX_LANGUAGE_STANDARD = "gnu++14";
				CLANG_CXX_LIBRARY = "libc++";
				CLANG_ENABLE_MODULES = YES;
				CLANG_ENABLE_OBJC_ARC = YES;
				CLANG_ENABLE_OBJC_WEAK = YES;
				CLANG_WARN_BLOCK_CAPTURE_AUTORELEASING = YES;
				CLANG_WARN_BOOL_CONVERSION = YES;
				CLANG_WARN_COMMA = YES;
				CLANG_WARN_CONSTANT_CONVERSION = YES;
				CLANG_WARN_DEPRECATED_OBJC_IMPLEMENTATIONS = YES;
				CLANG_WARN_DIRECT_OBJC_ISA_USAGE = YES_ERROR;
				CLANG_WARN_DOCUMENTATION_COMMENTS = YES;
				CLANG_WARN_EMPTY_BODY = YES;
				CLANG_WARN_ENUM_CONVERSION = YES;
				CLANG_WARN_INFINITE_RECURSION = YES;
				CLANG_WARN_INT_CONVERSION = YES;
				CLANG_WARN_NON_LITERAL_NULL_CONVERSION = YES;
				CLANG_WARN_OBJC_IMPLICIT_RETAIN_SELF = YES;
				CLANG_WARN_OBJC_LITERAL_CONVERSION = YES;
				CLANG_WARN_OBJC_ROOT_CLASS = YES_ERROR;
				CLANG_WARN_RANGE_LOOP_ANALYSIS = YES;
				CLANG_WARN_STRICT_PROTOTYPES = YES;
				CLANG_WARN_SUSPICIOUS_MOVE = YES;
				CLANG_WARN_UNGUARDED_AVAILABILITY = YES_AGGRESSIVE;
				CLANG_WARN_UNREACHABLE_CODE = YES;
				CLANG_WARN__DUPLICATE_METHOD_MATCH = YES;
				CODE_SIGN_IDENTITY = "iPhone Developer";
				COPY_PHASE_STRIP = NO;
				DEBUG_INFORMATION_FORMAT = dwarf;
				ENABLE_STRICT_OBJC_MSGSEND = YES;
				ENABLE_TESTABILITY = YES;
				GCC_C_LANGUAGE_STANDARD = gnu11;
				GCC_DYNAMIC_NO_PIC = NO;
				GCC_NO_COMMON_BLOCKS = YES;
				GCC_OPTIMIZATION_LEVEL = 0;
				GCC_PREPROCESSOR_DEFINITIONS = (
					"DEBUG=1",
					"$(inherited)",
				);
				GCC_WARN_64_TO_32_BIT_CONVERSION = YES;
				GCC_WARN_ABOUT_RETURN_TYPE = YES_ERROR;
				GCC_WARN_UNDECLARED_SELECTOR = YES;
				GCC_WARN_UNINITIALIZED_AUTOS = YES_AGGRESSIVE;
				GCC_WARN_UNUSED_FUNCTION = YES;
				GCC_WARN_UNUSED_VARIABLE = YES;
				IPHONEOS_DEPLOYMENT_TARGET = 12.1;
				MTL_ENABLE_DEBUG_INFO = INCLUDE_SOURCE;
				MTL_FAST_MATH = YES;
				ONLY_ACTIVE_ARCH = YES;
				SDKROOT = iphoneos;
				SWIFT_ACTIVE_COMPILATION_CONDITIONS = DEBUG;
				SWIFT_OPTIMIZATION_LEVEL = "-Onone";
			};
			name = Debug;
		};
		8856847B222DF9EB00669E5A /* Release */ = {
			isa = XCBuildConfiguration;
			buildSettings = {
				ALWAYS_SEARCH_USER_PATHS = NO;
				CLANG_ANALYZER_NONNULL = YES;
				CLANG_ANALYZER_NUMBER_OBJECT_CONVERSION = YES_AGGRESSIVE;
				CLANG_CXX_LANGUAGE_STANDARD = "gnu++14";
				CLANG_CXX_LIBRARY = "libc++";
				CLANG_ENABLE_MODULES = YES;
				CLANG_ENABLE_OBJC_ARC = YES;
				CLANG_ENABLE_OBJC_WEAK = YES;
				CLANG_WARN_BLOCK_CAPTURE_AUTORELEASING = YES;
				CLANG_WARN_BOOL_CONVERSION = YES;
				CLANG_WARN_COMMA = YES;
				CLANG_WARN_CONSTANT_CONVERSION = YES;
				CLANG_WARN_DEPRECATED_OBJC_IMPLEMENTATIONS = YES;
				CLANG_WARN_DIRECT_OBJC_ISA_USAGE = YES_ERROR;
				CLANG_WARN_DOCUMENTATION_COMMENTS = YES;
				CLANG_WARN_EMPTY_BODY = YES;
				CLANG_WARN_ENUM_CONVERSION = YES;
				CLANG_WARN_INFINITE_RECURSION = YES;
				CLANG_WARN_INT_CONVERSION = YES;
				CLANG_WARN_NON_LITERAL_NULL_CONVERSION = YES;
				CLANG_WARN_OBJC_IMPLICIT_RETAIN_SELF = YES;
				CLANG_WARN_OBJC_LITERAL_CONVERSION = YES;
				CLANG_WARN_OBJC_ROOT_CLASS = YES_ERROR;
				CLANG_WARN_RANGE_LOOP_ANALYSIS = YES;
				CLANG_WARN_STRICT_PROTOTYPES = YES;
				CLANG_WARN_SUSPICIOUS_MOVE = YES;
				CLANG_WARN_UNGUARDED_AVAILABILITY = YES_AGGRESSIVE;
				CLANG_WARN_UNREACHABLE_CODE = YES;
				CLANG_WARN__DUPLICATE_METHOD_MATCH = YES;
				CODE_SIGN_IDENTITY = "iPhone Developer";
				COPY_PHASE_STRIP = NO;
				DEBUG_INFORMATION_FORMAT = "dwarf-with-dsym";
				ENABLE_NS_ASSERTIONS = NO;
				ENABLE_STRICT_OBJC_MSGSEND = YES;
				GCC_C_LANGUAGE_STANDARD = gnu11;
				GCC_NO_COMMON_BLOCKS = YES;
				GCC_WARN_64_TO_32_BIT_CONVERSION = YES;
				GCC_WARN_ABOUT_RETURN_TYPE = YES_ERROR;
				GCC_WARN_UNDECLARED_SELECTOR = YES;
				GCC_WARN_UNINITIALIZED_AUTOS = YES_AGGRESSIVE;
				GCC_WARN_UNUSED_FUNCTION = YES;
				GCC_WARN_UNUSED_VARIABLE = YES;
				IPHONEOS_DEPLOYMENT_TARGET = 12.1;
				MTL_ENABLE_DEBUG_INFO = NO;
				MTL_FAST_MATH = YES;
				SDKROOT = iphoneos;
				SWIFT_COMPILATION_MODE = wholemodule;
				SWIFT_OPTIMIZATION_LEVEL = "-O";
				VALIDATE_PRODUCT = YES;
			};
			name = Release;
		};
		8856847D222DF9EB00669E5A /* Debug */ = {
			isa = XCBuildConfiguration;
			baseConfigurationReference = 691DD71A3E9851E33FDC2D52 /* Pods-LZCoder.debug.xcconfig */;
			buildSettings = {
				ASSETCATALOG_COMPILER_APPICON_NAME = AppIcon;
				CODE_SIGN_STYLE = Automatic;
				DEVELOPMENT_TEAM = 8QQU37LRP2;
				INFOPLIST_FILE = LZCoder/Info.plist;
				LD_RUNPATH_SEARCH_PATHS = (
					"$(inherited)",
					"@executable_path/Frameworks",
				);
				PRODUCT_BUNDLE_IDENTIFIER = com.zc.LZCoder;
				PRODUCT_NAME = "$(TARGET_NAME)";
				SWIFT_VERSION = 4.2;
				TARGETED_DEVICE_FAMILY = "1,2";
			};
			name = Debug;
		};
		8856847E222DF9EB00669E5A /* Release */ = {
			isa = XCBuildConfiguration;
			baseConfigurationReference = 48D5733BB254DEFF65517A82 /* Pods-LZCoder.release.xcconfig */;
			buildSettings = {
				ASSETCATALOG_COMPILER_APPICON_NAME = AppIcon;
				CODE_SIGN_STYLE = Automatic;
				DEVELOPMENT_TEAM = 8QQU37LRP2;
				INFOPLIST_FILE = LZCoder/Info.plist;
				LD_RUNPATH_SEARCH_PATHS = (
					"$(inherited)",
					"@executable_path/Frameworks",
				);
				PRODUCT_BUNDLE_IDENTIFIER = com.zc.LZCoder;
				PRODUCT_NAME = "$(TARGET_NAME)";
				SWIFT_VERSION = 4.2;
				TARGETED_DEVICE_FAMILY = "1,2";
			};
			name = Release;
		};
		88568480222DF9EB00669E5A /* Debug */ = {
			isa = XCBuildConfiguration;
			baseConfigurationReference = 363B45602593149EB0968291 /* Pods-LZCoderTests.debug.xcconfig */;
			buildSettings = {
				ALWAYS_EMBED_SWIFT_STANDARD_LIBRARIES = YES;
				BUNDLE_LOADER = "$(TEST_HOST)";
				CODE_SIGN_STYLE = Automatic;
				DEVELOPMENT_TEAM = 77PZNJDUQL;
				INFOPLIST_FILE = LZCoderTests/Info.plist;
				LD_RUNPATH_SEARCH_PATHS = (
					"$(inherited)",
					"@executable_path/Frameworks",
					"@loader_path/Frameworks",
				);
				PRODUCT_BUNDLE_IDENTIFIER = kehlin.LZCoderTests;
				PRODUCT_NAME = "$(TARGET_NAME)";
				SWIFT_VERSION = 4.2;
				TARGETED_DEVICE_FAMILY = "1,2";
				TEST_HOST = "$(BUILT_PRODUCTS_DIR)/LZCoder.app/LZCoder";
			};
			name = Debug;
		};
		88568481222DF9EB00669E5A /* Release */ = {
			isa = XCBuildConfiguration;
			baseConfigurationReference = E616C0A5EBD65651EBCDD88D /* Pods-LZCoderTests.release.xcconfig */;
			buildSettings = {
				ALWAYS_EMBED_SWIFT_STANDARD_LIBRARIES = YES;
				BUNDLE_LOADER = "$(TEST_HOST)";
				CODE_SIGN_STYLE = Automatic;
				DEVELOPMENT_TEAM = 77PZNJDUQL;
				INFOPLIST_FILE = LZCoderTests/Info.plist;
				LD_RUNPATH_SEARCH_PATHS = (
					"$(inherited)",
					"@executable_path/Frameworks",
					"@loader_path/Frameworks",
				);
				PRODUCT_BUNDLE_IDENTIFIER = kehlin.LZCoderTests;
				PRODUCT_NAME = "$(TARGET_NAME)";
				SWIFT_VERSION = 4.2;
				TARGETED_DEVICE_FAMILY = "1,2";
				TEST_HOST = "$(BUILT_PRODUCTS_DIR)/LZCoder.app/LZCoder";
			};
			name = Release;
		};
		88568483222DF9EB00669E5A /* Debug */ = {
			isa = XCBuildConfiguration;
			baseConfigurationReference = E688EEAD289727A7D165114B /* Pods-LZCoderUITests.debug.xcconfig */;
			buildSettings = {
				ALWAYS_EMBED_SWIFT_STANDARD_LIBRARIES = YES;
				CODE_SIGN_STYLE = Automatic;
				DEVELOPMENT_TEAM = 77PZNJDUQL;
				INFOPLIST_FILE = LZCoderUITests/Info.plist;
				LD_RUNPATH_SEARCH_PATHS = (
					"$(inherited)",
					"@executable_path/Frameworks",
					"@loader_path/Frameworks",
				);
				PRODUCT_BUNDLE_IDENTIFIER = kehlin.LZCoderUITests;
				PRODUCT_NAME = "$(TARGET_NAME)";
				SWIFT_VERSION = 4.2;
				TARGETED_DEVICE_FAMILY = "1,2";
				TEST_TARGET_NAME = LZCoder;
			};
			name = Debug;
		};
		88568484222DF9EB00669E5A /* Release */ = {
			isa = XCBuildConfiguration;
			baseConfigurationReference = 74E0D05BC9600E11276F12D0 /* Pods-LZCoderUITests.release.xcconfig */;
			buildSettings = {
				ALWAYS_EMBED_SWIFT_STANDARD_LIBRARIES = YES;
				CODE_SIGN_STYLE = Automatic;
				DEVELOPMENT_TEAM = 77PZNJDUQL;
				INFOPLIST_FILE = LZCoderUITests/Info.plist;
				LD_RUNPATH_SEARCH_PATHS = (
					"$(inherited)",
					"@executable_path/Frameworks",
					"@loader_path/Frameworks",
				);
				PRODUCT_BUNDLE_IDENTIFIER = kehlin.LZCoderUITests;
				PRODUCT_NAME = "$(TARGET_NAME)";
				SWIFT_VERSION = 4.2;
				TARGETED_DEVICE_FAMILY = "1,2";
				TEST_TARGET_NAME = LZCoder;
			};
			name = Release;
		};
/* End XCBuildConfiguration section */

/* Begin XCConfigurationList section */
		8856844F222DF9EA00669E5A /* Build configuration list for PBXProject "LZCoder" */ = {
			isa = XCConfigurationList;
			buildConfigurations = (
				8856847A222DF9EB00669E5A /* Debug */,
				8856847B222DF9EB00669E5A /* Release */,
			);
			defaultConfigurationIsVisible = 0;
			defaultConfigurationName = Release;
		};
		8856847C222DF9EB00669E5A /* Build configuration list for PBXNativeTarget "LZCoder" */ = {
			isa = XCConfigurationList;
			buildConfigurations = (
				8856847D222DF9EB00669E5A /* Debug */,
				8856847E222DF9EB00669E5A /* Release */,
			);
			defaultConfigurationIsVisible = 0;
			defaultConfigurationName = Release;
		};
		8856847F222DF9EB00669E5A /* Build configuration list for PBXNativeTarget "LZCoderTests" */ = {
			isa = XCConfigurationList;
			buildConfigurations = (
				88568480222DF9EB00669E5A /* Debug */,
				88568481222DF9EB00669E5A /* Release */,
			);
			defaultConfigurationIsVisible = 0;
			defaultConfigurationName = Release;
		};
		88568482222DF9EB00669E5A /* Build configuration list for PBXNativeTarget "LZCoderUITests" */ = {
			isa = XCConfigurationList;
			buildConfigurations = (
				88568483222DF9EB00669E5A /* Debug */,
				88568484222DF9EB00669E5A /* Release */,
			);
			defaultConfigurationIsVisible = 0;
			defaultConfigurationName = Release;
		};
/* End XCConfigurationList section */
	};
	rootObject = 8856844C222DF9EA00669E5A /* Project object */;
}
